{
  "name": "hello-ngrok",
  "version": "1.0.0",
  "lockfileVersion": 3,
  "requires": true,
  "packages": {
    "": {
      "name": "hello-ngrok",
      "version": "1.0.0",
      "license": "ISC",
      "dependencies": {
        "@ngrok/ngrok": "^1.2.0"
      }
    },
    "node_modules/@ngrok/ngrok": {
      "version": "1.2.0",
      "resolved": "https://registry.npmjs.org/@ngrok/ngrok/-/ngrok-1.2.0.tgz",
      "integrity": "sha512-KOM7lHTKzsQ8IQewgigOGynJKHQRt3z0lHyEgK63H2wq9tI47tWlxWYmrQoqWLcvPgP2JA24nXWeMf/ZE2BaZg==",
      "engines": {
        "node": ">= 10"
      },
      "optionalDependencies": {
        "@ngrok/ngrok-android-arm-eabi": "1.2.0",
        "@ngrok/ngrok-android-arm64": "1.2.0",
        "@ngrok/ngrok-darwin-arm64": "1.2.0",
        "@ngrok/ngrok-darwin-universal": "1.2.0",
        "@ngrok/ngrok-darwin-x64": "1.2.0",
        "@ngrok/ngrok-freebsd-x64": "1.2.0",
        "@ngrok/ngrok-linux-arm-gnueabihf": "1.2.0",
        "@ngrok/ngrok-linux-arm64-gnu": "1.2.0",
        "@ngrok/ngrok-linux-arm64-musl": "1.2.0",
        "@ngrok/ngrok-linux-x64-gnu": "1.2.0",
        "@ngrok/ngrok-linux-x64-musl": "1.2.0",
        "@ngrok/ngrok-win32-ia32-msvc": "1.2.0",
        "@ngrok/ngrok-win32-x64-msvc": "1.2.0"
      }
    },
    "node_modules/@ngrok/ngrok-android-arm-eabi": {
      "version": "1.2.0",
      "resolved": "https://registry.npmjs.org/@ngrok/ngrok-android-arm-eabi/-/ngrok-android-arm-eabi-1.2.0.tgz",
      "integrity": "sha512-eGSZ443VQDfLLCef7E2GDX8oRYp+Fahr7nGeNY7nHu6bMEiYA92VpFOlpO9iF6HsyK/94NJiN3CbLJ7aMUHmJA==",
      "cpu": [
        "arm"
      ],
      "optional": true,
      "os": [
        "android"
      ],
      "engines": {
        "node": ">= 10"
      }
    },
    "node_modules/@ngrok/ngrok-android-arm64": {
      "version": "1.2.0",
      "resolved": "https://registry.npmjs.org/@ngrok/ngrok-android-arm64/-/ngrok-android-arm64-1.2.0.tgz",
      "integrity": "sha512-nwGcgK4OkFKNxEVu4Q4R8LR15OUvfESJIQ3gS5frMwa0r/FdHKNc5rmUfGSFhGGg+4ttiTzlEKMHW2tEp12FYQ==",
      "cpu": [
        "arm64"
      ],
      "optional": true,
      "os": [
        "android"
      ],
      "engines": {
        "node": ">= 10"
      }
    },
    "node_modules/@ngrok/ngrok-darwin-arm64": {
      "version": "1.2.0",
      "resolved": "https://registry.npmjs.org/@ngrok/ngrok-darwin-arm64/-/ngrok-darwin-arm64-1.2.0.tgz",
      "integrity": "sha512-Df0U42wYty4UnYB9Bm+bo3akIVe0lOX/ejDSCrPABK0Cf65184ZcqUu9kBabXQRag5rTq4uG7TzCGhaMXV44RQ==",
      "cpu": [
        "arm64"
      ],
      "optional": true,
      "os": [
        "darwin"
      ],
      "engines": {
        "node": ">= 10"
      }
    },
    "node_modules/@ngrok/ngrok-darwin-universal": {
      "version": "1.2.0",
      "resolved": "https://registry.npmjs.org/@ngrok/ngrok-darwin-universal/-/ngrok-darwin-universal-1.2.0.tgz",
      "integrity": "sha512-z5srpqZjQKomLBsY/b2Oc44V4BqIqE7Tn3YdsN3ucZg4yH9aFTHLiD2Ioubb/8u48mRvwsT9FqFTGlswWA8dew==",
      "optional": true,
      "os": [
        "darwin"
      ],
      "engines": {
        "node": ">= 10"
      }
    },
    "node_modules/@ngrok/ngrok-darwin-x64": {
      "version": "1.2.0",
      "resolved": "https://registry.npmjs.org/@ngrok/ngrok-darwin-x64/-/ngrok-darwin-x64-1.2.0.tgz",
      "integrity": "sha512-EkH2qFoXyaZkLn2Nw5NvK1F6T3332xzTVXeJMF/oLme2K567rRHmFUfN9mUORm1snHO+Ct/uW9Tciz6+hlyTLg==",
      "cpu": [
        "x64"
      ],
      "optional": true,
      "os": [
        "darwin"
      ],
      "engines": {
        "node": ">= 10"
      }
    },
    "node_modules/@ngrok/ngrok-freebsd-x64": {
      "version": "1.2.0",
      "resolved": "https://registry.npmjs.org/@ngrok/ngrok-freebsd-x64/-/ngrok-freebsd-x64-1.2.0.tgz",
      "integrity": "sha512-mwD1QBKsWV7J8IGYCsLvPvk6yoMpwlNsCt7d/nkrw2AQvx0UJgZw+q3YW93Ii7r392DtvmzDDO3jxlx/Gl0mXQ==",
      "cpu": [
        "x64"
      ],
      "optional": true,
      "os": [
        "freebsd"
      ],
      "engines": {
        "node": ">= 10"
      }
    },
    "node_modules/@ngrok/ngrok-linux-arm-gnueabihf": {
      "version": "1.2.0",
      "resolved": "https://registry.npmjs.org/@ngrok/ngrok-linux-arm-gnueabihf/-/ngrok-linux-arm-gnueabihf-1.2.0.tgz",
      "integrity": "sha512-yvDEgCSL/EAAHV5EuAjULKZ8/P/i5UCN31oyp8x3hPIpTl2Lq9GfPfoAIvpM8segsbkXwlFPIA7FjMbNweQa2A==",
      "cpu": [
        "arm"
      ],
      "optional": true,
      "os": [
        "linux"
      ],
      "engines": {
        "node": ">= 10"
      }
    },
    "node_modules/@ngrok/ngrok-linux-arm64-gnu": {
      "version": "1.2.0",
      "resolved": "https://registry.npmjs.org/@ngrok/ngrok-linux-arm64-gnu/-/ngrok-linux-arm64-gnu-1.2.0.tgz",
      "integrity": "sha512-fEVMO7OiLTHWRDBSCvXtLhZ8C9l9aCUBduYXqCtIRx0unczEX7/jpAAD0rq32eioNfywj30s0RZRusYdrPbDTQ==",
      "cpu": [
        "arm64"
      ],
      "optional": true,
      "os": [
        "linux"
      ],
      "engines": {
        "node": ">= 10"
      }
    },
    "node_modules/@ngrok/ngrok-linux-arm64-musl": {
      "version": "1.2.0",
      "resolved": "https://registry.npmjs.org/@ngrok/ngrok-linux-arm64-musl/-/ngrok-linux-arm64-musl-1.2.0.tgz",
      "integrity": "sha512-3P6YRcID3A8J+uOEf6JIUFbEnaS4SM2dDxqYgjkoo5Qjjn/V3tZdMpbGzs/R6ly9eZ8vPQNI6A4mtHGmfHjaTA==",
      "cpu": [
        "arm64"
      ],
      "optional": true,
      "os": [
        "linux"
      ],
      "engines": {
        "node": ">= 10"
      }
    },
    "node_modules/@ngrok/ngrok-linux-x64-gnu": {
      "version": "1.2.0",
      "resolved": "https://registry.npmjs.org/@ngrok/ngrok-linux-x64-gnu/-/ngrok-linux-x64-gnu-1.2.0.tgz",
      "integrity": "sha512-geiZ4rTzTySIbLyxEkIV7aPdJ2hr3cKIGv1nN7uFzJPHPwxwRYLctyXHOrjbNLaKUcoEzuyqHVhu2/qUL9FZDg==",
      "cpu": [
        "x64"
      ],
      "optional": true,
      "os": [
        "linux"
      ],
      "engines": {
        "node": ">= 10"
      }
    },
    "node_modules/@ngrok/ngrok-linux-x64-musl": {
      "version": "1.2.0",
      "resolved": "https://registry.npmjs.org/@ngrok/ngrok-linux-x64-musl/-/ngrok-linux-x64-musl-1.2.0.tgz",
      "integrity": "sha512-s4nfAUuCM2X4T+Z9RWzD3NbhEnzeTrpsQq51RNQ9JEjN6guab3FdT/Bn9nXkULJdZOPvqguHg878KmTwi8t3mA==",
      "cpu": [
        "x64"
      ],
      "optional": true,
      "os": [
        "linux"
      ],
      "engines": {
        "node": ">= 10"
      }
    },
    "node_modules/@ngrok/ngrok-win32-ia32-msvc": {
      "version": "1.2.0",
      "resolved": "https://registry.npmjs.org/@ngrok/ngrok-win32-ia32-msvc/-/ngrok-win32-ia32-msvc-1.2.0.tgz",
      "integrity": "sha512-R4ovlTz22AuP7trn8CnzXqDrxFuStpx2657AMDSop/3yhS1hCxTqycRSQwXqhJisV5midaJY/e7YwNBmYnbUIA==",
      "cpu": [
        "ia32"
      ],
      "optional": true,
      "os": [
        "win32"
      ],
      "engines": {
        "node": ">= 10"
      }
    },
    "node_modules/@ngrok/ngrok-win32-x64-msvc": {
      "version": "1.2.0",
      "resolved": "https://registry.npmjs.org/@ngrok/ngrok-win32-x64-msvc/-/ngrok-win32-x64-msvc-1.2.0.tgz",
      "integrity": "sha512-A5sIaZ3pXLWZO5ft0o4oyNWg6itCAaZ4Mln8Y/sMsx4AjAcaHqBod1J2We2jt5Et52sr5JRaDwBokz84ZUNi6A==",
      "cpu": [
        "x64"
      ],
      "optional": true,
      "os": [
        "win32"
      ],
      "engines": {
        "node": ">= 10"
      }
    }
  }
}
